
Microsoft Visual Studio Solution File, Format Version 12.00
# Visual Studio Version 17
VisualStudioVersion = 17.3.32901.215
MinimumVisualStudioVersion = 10.0.40219.1
Project("{9A19103F-16F7-4668-BE54-9A1E7A4F7556}") = "Economius.BotRunner", "Economius.BotRunner\Economius.BotRunner.csproj", "{C052BE2E-B75B-4403-8E4B-A517DC22030E}"
EndProject
Project("{9A19103F-16F7-4668-BE54-9A1E7A4F7556}") = "Economius.Domain", "Economius.Domain\Economius.Domain.csproj", "{59C05C09-BEAB-4E3B-98ED-EA69353DEB9B}"
EndProject
Project("{9A19103F-16F7-4668-BE54-9A1E7A4F7556}") = "Economius.Infrastructure", "Economius.Infrastructure\Economius.Infrastructure.csproj", "{8A24D0C0-A293-4358-8D97-2813A82AB9DD}"
EndProject
Project("{FAE04EC0-301F-11D3-BF4B-00C04F79EFBC}") = "Economius.Cqrs", "Economius.Cqrs\Economius.Cqrs.csproj", "{4D9D78B1-3F62-4651-99DB-1B830D66DAFD}"
EndProject
Global
	GlobalSection(SolutionConfigurationPlatforms) = preSolution
		Debug|Any CPU = Debug|Any CPU
		Release|Any CPU = Release|Any CPU
	EndGlobalSection
	GlobalSection(ProjectConfigurationPlatforms) = postSolution
		{C052BE2E-B75B-4403-8E4B-A517DC22030E}.Debug|Any CPU.ActiveCfg = Debug|Any CPU
		{C052BE2E-B75B-4403-8E4B-A517DC22030E}.Debug|Any CPU.Build.0 = Debug|Any CPU
		{C052BE2E-B75B-4403-8E4B-A517DC22030E}.Release|Any CPU.ActiveCfg = Release|Any CPU
		{C052BE2E-B75B-4403-8E4B-A517DC22030E}.Release|Any CPU.Build.0 = Release|Any CPU
		{59C05C09-BEAB-4E3B-98ED-EA69353DEB9B}.Debug|Any CPU.ActiveCfg = Debug|Any CPU
		{59C05C09-BEAB-4E3B-98ED-EA69353DEB9B}.Debug|Any CPU.Build.0 = Debug|Any CPU
		{59C05C09-BEAB-4E3B-98ED-EA69353DEB9B}.Release|Any CPU.ActiveCfg = Release|Any CPU
		{59C05C09-BEAB-4E3B-98ED-EA69353DEB9B}.Release|Any CPU.Build.0 = Release|Any CPU
		{8A24D0C0-A293-4358-8D97-2813A82AB9DD}.Debug|Any CPU.ActiveCfg = Debug|Any CPU
		{8A24D0C0-A293-4358-8D97-2813A82AB9DD}.Debug|Any CPU.Build.0 = Debug|Any CPU
		{8A24D0C0-A293-4358-8D97-2813A82AB9DD}.Release|Any CPU.ActiveCfg = Release|Any CPU
		{8A24D0C0-A293-4358-8D97-2813A82AB9DD}.Release|Any CPU.Build.0 = Release|Any CPU
		{4D9D78B1-3F62-4651-99DB-1B830D66DAFD}.Debug|Any CPU.ActiveCfg = Debug|Any CPU
		{4D9D78B1-3F62-4651-99DB-1B830D66DAFD}.Debug|Any CPU.Build.0 = Debug|Any CPU
		{4D9D78B1-3F62-4651-99DB-1B830D66DAFD}.Release|Any CPU.ActiveCfg = Release|Any CPU
		{4D9D78B1-3F62-4651-99DB-1B830D66DAFD}.Release|Any CPU.Build.0 = Release|Any CPU
	EndGlobalSection
	GlobalSection(SolutionProperties) = preSolution
		HideSolutionNode = FALSE
	EndGlobalSection
	GlobalSection(ExtensibilityGlobals) = postSolution
		SolutionGuid = {9BFF53DA-BDEC-4A2E-9F59-FB1C3F081241}
	EndGlobalSection
EndGlobal
